
Microsoft Visual Studio Solution File, Format Version 12.00
Project("{FAE04EC0-301F-11D3-BF4B-00C04F79EFBC}") = "Sito.QR.Api", "Sito.QR.Api\Sito.QR.Api.csproj", "{B623AF77-027A-43C1-89C0-3D5E7A9A3414}"
EndProject
Project("{2150E333-8FDC-42A3-9474-1A3956D46DE8}") = "Functions", "Functions", "{22F17D37-7658-4922-8AD8-CE7E5DA03C83}"
EndProject
Project("{FAE04EC0-301F-11D3-BF4B-00C04F79EFBC}") = "Sito.QR.Shared", "Sito.QR.Shared\Sito.QR.Shared.csproj", "{8D202FF8-4DDC-4D3A-BEEF-E7365056615B}"
EndProject
Project("{FAE04EC0-301F-11D3-BF4B-00C04F79EFBC}") = "Sito.QR.Api.Generators", "Sito.QR.Api.Generators\Sito.QR.Api.Generators.csproj", "{60DB3DAA-FF86-46FA-A1C5-B8E61E0FDD5A}"
EndProject
Project("{FAE04EC0-301F-11D3-BF4B-00C04F79EFBC}") = "Sito.QR.Api.Shared", "Sito.QR.Api.Shared\Sito.QR.Api.Shared.csproj", "{D5AE98BF-3D1E-4D72-A73C-377F7A5C1AD6}"
EndProject
Project("{FAE04EC0-301F-11D3-BF4B-00C04F79EFBC}") = "Sito.Qr.Web", "Sito.Qr.Web\Sito.Qr.Web.csproj", "{319A0C3A-EC4C-4B77-92F3-DCA1B9FD6A23}"
EndProject
Project("{FAE04EC0-301F-11D3-BF4B-00C04F79EFBC}") = "Sito.QR.Hub", "Sito.QR.Hub\Sito.QR.Hub.csproj", "{C4D6E570-40C6-4922-8B2C-0DBA22CA128A}"
EndProject
Global
	GlobalSection(SolutionConfigurationPlatforms) = preSolution
		Debug|Any CPU = Debug|Any CPU
		Release|Any CPU = Release|Any CPU
	EndGlobalSection
	GlobalSection(ProjectConfigurationPlatforms) = postSolution
		{B623AF77-027A-43C1-89C0-3D5E7A9A3414}.Debug|Any CPU.ActiveCfg = Debug|Any CPU
		{B623AF77-027A-43C1-89C0-3D5E7A9A3414}.Debug|Any CPU.Build.0 = Debug|Any CPU
		{B623AF77-027A-43C1-89C0-3D5E7A9A3414}.Release|Any CPU.ActiveCfg = Release|Any CPU
		{B623AF77-027A-43C1-89C0-3D5E7A9A3414}.Release|Any CPU.Build.0 = Release|Any CPU
		{8D202FF8-4DDC-4D3A-BEEF-E7365056615B}.Debug|Any CPU.ActiveCfg = Debug|Any CPU
		{8D202FF8-4DDC-4D3A-BEEF-E7365056615B}.Debug|Any CPU.Build.0 = Debug|Any CPU
		{8D202FF8-4DDC-4D3A-BEEF-E7365056615B}.Release|Any CPU.ActiveCfg = Release|Any CPU
		{8D202FF8-4DDC-4D3A-BEEF-E7365056615B}.Release|Any CPU.Build.0 = Release|Any CPU
		{60DB3DAA-FF86-46FA-A1C5-B8E61E0FDD5A}.Debug|Any CPU.ActiveCfg = Debug|Any CPU
		{60DB3DAA-FF86-46FA-A1C5-B8E61E0FDD5A}.Debug|Any CPU.Build.0 = Debug|Any CPU
		{60DB3DAA-FF86-46FA-A1C5-B8E61E0FDD5A}.Release|Any CPU.ActiveCfg = Release|Any CPU
		{60DB3DAA-FF86-46FA-A1C5-B8E61E0FDD5A}.Release|Any CPU.Build.0 = Release|Any CPU
		{D5AE98BF-3D1E-4D72-A73C-377F7A5C1AD6}.Debug|Any CPU.ActiveCfg = Debug|Any CPU
		{D5AE98BF-3D1E-4D72-A73C-377F7A5C1AD6}.Debug|Any CPU.Build.0 = Debug|Any CPU
		{D5AE98BF-3D1E-4D72-A73C-377F7A5C1AD6}.Release|Any CPU.ActiveCfg = Release|Any CPU
		{D5AE98BF-3D1E-4D72-A73C-377F7A5C1AD6}.Release|Any CPU.Build.0 = Release|Any CPU
		{319A0C3A-EC4C-4B77-92F3-DCA1B9FD6A23}.Debug|Any CPU.ActiveCfg = Debug|Any CPU
		{319A0C3A-EC4C-4B77-92F3-DCA1B9FD6A23}.Debug|Any CPU.Build.0 = Debug|Any CPU
		{319A0C3A-EC4C-4B77-92F3-DCA1B9FD6A23}.Release|Any CPU.ActiveCfg = Release|Any CPU
		{319A0C3A-EC4C-4B77-92F3-DCA1B9FD6A23}.Release|Any CPU.Build.0 = Release|Any CPU
		{C4D6E570-40C6-4922-8B2C-0DBA22CA128A}.Debug|Any CPU.ActiveCfg = Debug|Any CPU
		{C4D6E570-40C6-4922-8B2C-0DBA22CA128A}.Debug|Any CPU.Build.0 = Debug|Any CPU
		{C4D6E570-40C6-4922-8B2C-0DBA22CA128A}.Release|Any CPU.ActiveCfg = Release|Any CPU
		{C4D6E570-40C6-4922-8B2C-0DBA22CA128A}.Release|Any CPU.Build.0 = Release|Any CPU
	EndGlobalSection
	GlobalSection(NestedProjects) = preSolution
		{B623AF77-027A-43C1-89C0-3D5E7A9A3414} = {22F17D37-7658-4922-8AD8-CE7E5DA03C83}
		{60DB3DAA-FF86-46FA-A1C5-B8E61E0FDD5A} = {22F17D37-7658-4922-8AD8-CE7E5DA03C83}
		{D5AE98BF-3D1E-4D72-A73C-377F7A5C1AD6} = {22F17D37-7658-4922-8AD8-CE7E5DA03C83}
		{C4D6E570-40C6-4922-8B2C-0DBA22CA128A} = {22F17D37-7658-4922-8AD8-CE7E5DA03C83}
	EndGlobalSection
EndGlobal
